
Microsoft Visual Studio Solution File, Format Version 12.00
# Visual Studio 2015
Project("{FAE04EC0-301F-11D3-BF4B-00C04F79EFBC}") = "199_3DUI.CSharp.Plugins", "199_3DUI.CSharp.Plugins.csproj", "{B1B7A20B-64F0-665E-5F19-F8D14B7226BC}"
EndProject
Project("{FAE04EC0-301F-11D3-BF4B-00C04F79EFBC}") = "199_3DUI.CSharp", "199_3DUI.CSharp.csproj", "{426F28AF-178B-8F42-6D0D-29EA5A9FD7B5}"
EndProject
Project("{FAE04EC0-301F-11D3-BF4B-00C04F79EFBC}") = "199_3DUI.CSharp.Editor", "199_3DUI.CSharp.Editor.csproj", "{AFA54EA5-D4D9-10D8-2D4C-F08F3B13E9B1}"
EndProject
Global
	GlobalSection(SolutionConfigurationPlatforms) = preSolution
		Debug|Any CPU = Debug|Any CPU
		Release|Any CPU = Release|Any CPU
	EndGlobalSection
	GlobalSection(ProjectConfigurationPlatforms) = postSolution
		{B1B7A20B-64F0-665E-5F19-F8D14B7226BC}.Debug|Any CPU.ActiveCfg = Debug|Any CPU
		{B1B7A20B-64F0-665E-5F19-F8D14B7226BC}.Debug|Any CPU.Build.0 = Debug|Any CPU
		{B1B7A20B-64F0-665E-5F19-F8D14B7226BC}.Release|Any CPU.ActiveCfg = Release|Any CPU
		{B1B7A20B-64F0-665E-5F19-F8D14B7226BC}.Release|Any CPU.Build.0 = Release|Any CPU
		{426F28AF-178B-8F42-6D0D-29EA5A9FD7B5}.Debug|Any CPU.ActiveCfg = Debug|Any CPU
		{426F28AF-178B-8F42-6D0D-29EA5A9FD7B5}.Debug|Any CPU.Build.0 = Debug|Any CPU
		{426F28AF-178B-8F42-6D0D-29EA5A9FD7B5}.Release|Any CPU.ActiveCfg = Release|Any CPU
		{426F28AF-178B-8F42-6D0D-29EA5A9FD7B5}.Release|Any CPU.Build.0 = Release|Any CPU
		{AFA54EA5-D4D9-10D8-2D4C-F08F3B13E9B1}.Debug|Any CPU.ActiveCfg = Debug|Any CPU
		{AFA54EA5-D4D9-10D8-2D4C-F08F3B13E9B1}.Debug|Any CPU.Build.0 = Debug|Any CPU
		{AFA54EA5-D4D9-10D8-2D4C-F08F3B13E9B1}.Release|Any CPU.ActiveCfg = Release|Any CPU
		{AFA54EA5-D4D9-10D8-2D4C-F08F3B13E9B1}.Release|Any CPU.Build.0 = Release|Any CPU
	EndGlobalSection
	GlobalSection(SolutionProperties) = preSolution
		HideSolutionNode = FALSE
	EndGlobalSection
EndGlobal
