
Microsoft Visual Studio Solution File, Format Version 12.00
# Visual Studio 2015
Project("{FAE04EC0-301F-11D3-BF4B-00C04F79EFBC}") = "3D_UI_Project.CSharp.Plugins", "3D_UI_Project.CSharp.Plugins.csproj", "{309C78C0-C9B5-D4F6-FC09-65820A0CB592}"
EndProject
Project("{FAE04EC0-301F-11D3-BF4B-00C04F79EFBC}") = "3D_UI_Project.CSharp", "3D_UI_Project.CSharp.csproj", "{3019435A-46E8-BA2C-0099-EDF38552726D}"
EndProject
Project("{FAE04EC0-301F-11D3-BF4B-00C04F79EFBC}") = "3D_UI_Project.CSharp.Editor", "3D_UI_Project.CSharp.Editor.csproj", "{053A0760-0F3E-F7C8-035A-DAE6BAB0B395}"
EndProject
Global
	GlobalSection(SolutionConfigurationPlatforms) = preSolution
		Debug|Any CPU = Debug|Any CPU
		Release|Any CPU = Release|Any CPU
	EndGlobalSection
	GlobalSection(ProjectConfigurationPlatforms) = postSolution
		{309C78C0-C9B5-D4F6-FC09-65820A0CB592}.Debug|Any CPU.ActiveCfg = Debug|Any CPU
		{309C78C0-C9B5-D4F6-FC09-65820A0CB592}.Debug|Any CPU.Build.0 = Debug|Any CPU
		{309C78C0-C9B5-D4F6-FC09-65820A0CB592}.Release|Any CPU.ActiveCfg = Release|Any CPU
		{309C78C0-C9B5-D4F6-FC09-65820A0CB592}.Release|Any CPU.Build.0 = Release|Any CPU
		{3019435A-46E8-BA2C-0099-EDF38552726D}.Debug|Any CPU.ActiveCfg = Debug|Any CPU
		{3019435A-46E8-BA2C-0099-EDF38552726D}.Debug|Any CPU.Build.0 = Debug|Any CPU
		{3019435A-46E8-BA2C-0099-EDF38552726D}.Release|Any CPU.ActiveCfg = Release|Any CPU
		{3019435A-46E8-BA2C-0099-EDF38552726D}.Release|Any CPU.Build.0 = Release|Any CPU
		{053A0760-0F3E-F7C8-035A-DAE6BAB0B395}.Debug|Any CPU.ActiveCfg = Debug|Any CPU
		{053A0760-0F3E-F7C8-035A-DAE6BAB0B395}.Debug|Any CPU.Build.0 = Debug|Any CPU
		{053A0760-0F3E-F7C8-035A-DAE6BAB0B395}.Release|Any CPU.ActiveCfg = Release|Any CPU
		{053A0760-0F3E-F7C8-035A-DAE6BAB0B395}.Release|Any CPU.Build.0 = Release|Any CPU
	EndGlobalSection
	GlobalSection(SolutionProperties) = preSolution
		HideSolutionNode = FALSE
	EndGlobalSection
EndGlobal
